{
  "requires": true,
  "lockfileVersion": 1,
  "dependencies": {
    "@types/google-apps-script": {
      "version": "0.0.33",
      "resolved": "https://registry.npmjs.org/@types/google-apps-script/-/google-apps-script-0.0.33.tgz",
      "integrity": "sha512-z2D8jUsqxWMteUCJhPIz+zdAZQFS2MGX04M5Q2R7rdN2XYh7kv3eIjJYrpLgR58wtcDGLrIiai8b6zdQkYYP7w==",
      "dev": true
    },
    "@types/google.visualization": {
      "version": "0.0.46",
      "resolved": "https://registry.npmjs.org/@types/google.visualization/-/google.visualization-0.0.46.tgz",
      "integrity": "sha512-zYOvek3Qxj64YDcft+cNIz9Vm4fp8vMt6p/uDPL+bhh7BgvU7CyEk33H4i2mFwW/o3WY+mLGuE4sXjghrPXJEg==",
      "dev": true
    }
  }
}
